// !$*UTF8*$!
{
	archiveVersion = 1;
	classes = {
	};
	objectVersion = 56;
	objects = {

/* Begin PBXBuildFile section */
		5344E61F2BFE1B410086B530 /* BackupRepositoryImpl.swift in Sources */ = {isa = PBXBuildFile; fileRef = 5344E61E2BFE1B410086B530 /* BackupRepositoryImpl.swift */; };
		5344E6212BFE1B570086B530 /* DatabaseRepositoryImpl.swift in Sources */ = {isa = PBXBuildFile; fileRef = 5344E6202BFE1B570086B530 /* DatabaseRepositoryImpl.swift */; };
		5344E6232BFE1B710086B530 /* SchedulerRepositoryImpl.swift in Sources */ = {isa = PBXBuildFile; fileRef = 5344E6222BFE1B710086B530 /* SchedulerRepositoryImpl.swift */; };
		5344E6252BFE1BA80086B530 /* Constants.swift in Sources */ = {isa = PBXBuildFile; fileRef = 5344E6242BFE1BA80086B530 /* Constants.swift */; };
		5344E6292BFE7B5A0086B530 /* URLSessionUtils.swift in Sources */ = {isa = PBXBuildFile; fileRef = 5344E6282BFE7B5A0086B530 /* URLSessionUtils.swift */; };
		5344E62C2BFE813F0086B530 /* HTTPURLSession.swift in Sources */ = {isa = PBXBuildFile; fileRef = 5344E62B2BFE813F0086B530 /* HTTPURLSession.swift */; };
		5344E62E2BFE814F0086B530 /* HTTPResponse.swift in Sources */ = {isa = PBXBuildFile; fileRef = 5344E62D2BFE814F0086B530 /* HTTPResponse.swift */; };
		5344E6302BFE967E0086B530 /* TableMapper.swift in Sources */ = {isa = PBXBuildFile; fileRef = 5344E62F2BFE967E0086B530 /* TableMapper.swift */; };
		5344E6322BFE971A0086B530 /* RepositoryException.swift in Sources */ = {isa = PBXBuildFile; fileRef = 5344E6312BFE971A0086B530 /* RepositoryException.swift */; };
		5344E6342BFEA77D0086B530 /* ConsoleViewModel.swift in Sources */ = {isa = PBXBuildFile; fileRef = 5344E6332BFEA77D0086B530 /* ConsoleViewModel.swift */; };
		5344E6362BFEAD1A0086B530 /* ViewModel.swift in Sources */ = {isa = PBXBuildFile; fileRef = 5344E6352BFEAD1A0086B530 /* ViewModel.swift */; };
		5344E6392BFEAE4C0086B530 /* State.swift in Sources */ = {isa = PBXBuildFile; fileRef = 5344E6382BFEAE4C0086B530 /* State.swift */; };
		5344E63B2BFEAE560086B530 /* MVIIntent.swift in Sources */ = {isa = PBXBuildFile; fileRef = 5344E63A2BFEAE560086B530 /* MVIIntent.swift */; };
		5344E63D2BFEAE620086B530 /* MVIEffect.swift in Sources */ = {isa = PBXBuildFile; fileRef = 5344E63C2BFEAE620086B530 /* MVIEffect.swift */; };
		5344E6402BFEAF100086B530 /* ConsoleState.swift in Sources */ = {isa = PBXBuildFile; fileRef = 5344E63F2BFEAF100086B530 /* ConsoleState.swift */; };
		5344E6422BFEB02E0086B530 /* ConsoleIntent.swift in Sources */ = {isa = PBXBuildFile; fileRef = 5344E6412BFEB02E0086B530 /* ConsoleIntent.swift */; };
		53D38F412BFBCE34003DABBA /* dbkeApp.swift in Sources */ = {isa = PBXBuildFile; fileRef = 53D38F402BFBCE34003DABBA /* dbkeApp.swift */; };
		53D38F432BFBCE34003DABBA /* ContentView.swift in Sources */ = {isa = PBXBuildFile; fileRef = 53D38F422BFBCE34003DABBA /* ContentView.swift */; };
		53D38F452BFBCE35003DABBA /* Assets.xcassets in Resources */ = {isa = PBXBuildFile; fileRef = 53D38F442BFBCE35003DABBA /* Assets.xcassets */; };
		53D38F482BFBCE35003DABBA /* Preview Assets.xcassets in Resources */ = {isa = PBXBuildFile; fileRef = 53D38F472BFBCE35003DABBA /* Preview Assets.xcassets */; };
		53D38F502BFBE019003DABBA /* ClientsTable.swift in Sources */ = {isa = PBXBuildFile; fileRef = 53D38F4F2BFBE019003DABBA /* ClientsTable.swift */; };
		53D38F532BFBE07B003DABBA /* TablesScreen.swift in Sources */ = {isa = PBXBuildFile; fileRef = 53D38F522BFBE07B003DABBA /* TablesScreen.swift */; };
		53D38F552BFBE115003DABBA /* ClientsScreen.swift in Sources */ = {isa = PBXBuildFile; fileRef = 53D38F542BFBE115003DABBA /* ClientsScreen.swift */; };
		53D38F572BFBE5FA003DABBA /* TableCard.swift in Sources */ = {isa = PBXBuildFile; fileRef = 53D38F562BFBE5FA003DABBA /* TableCard.swift */; };
		53DCA33C2BFD1AA000BC5140 /* ConsoleScreen.swift in Sources */ = {isa = PBXBuildFile; fileRef = 53DCA33B2BFD1AA000BC5140 /* ConsoleScreen.swift */; };
		53DCA33E2BFD22AA00BC5140 /* FullBackupsFrequencyScreen.swift in Sources */ = {isa = PBXBuildFile; fileRef = 53DCA33D2BFD22AA00BC5140 /* FullBackupsFrequencyScreen.swift */; };
		53DCA3402BFD250100BC5140 /* TransactionLogsFrequencyScreen.swift in Sources */ = {isa = PBXBuildFile; fileRef = 53DCA33F2BFD250100BC5140 /* TransactionLogsFrequencyScreen.swift */; };
		53DCA3422BFD266800BC5140 /* BackupsScreen.swift in Sources */ = {isa = PBXBuildFile; fileRef = 53DCA3412BFD266800BC5140 /* BackupsScreen.swift */; };
		53DCA3482BFDF87200BC5140 /* DifferentialBackupsFrequencyScreen.swift in Sources */ = {isa = PBXBuildFile; fileRef = 53DCA3472BFDF87200BC5140 /* DifferentialBackupsFrequencyScreen.swift */; };
		53DCA34F2BFDFCEA00BC5140 /* BackupType.swift in Sources */ = {isa = PBXBuildFile; fileRef = 53DCA34E2BFDFCEA00BC5140 /* BackupType.swift */; };
		53DCA3522BFE040C00BC5140 /* ClientDecodable.swift in Sources */ = {isa = PBXBuildFile; fileRef = 53DCA3512BFE040C00BC5140 /* ClientDecodable.swift */; };
		53DCA3542BFE042200BC5140 /* OrderDecodable.swift in Sources */ = {isa = PBXBuildFile; fileRef = 53DCA3532BFE042200BC5140 /* OrderDecodable.swift */; };
		53DCA3592BFE052D00BC5140 /* BackupDecodable.swift in Sources */ = {isa = PBXBuildFile; fileRef = 53DCA3582BFE052D00BC5140 /* BackupDecodable.swift */; };
		53DCA35C2BFE082200BC5140 /* Client.swift in Sources */ = {isa = PBXBuildFile; fileRef = 53DCA35B2BFE082200BC5140 /* Client.swift */; };
		53DCA35E2BFE084600BC5140 /* Order.swift in Sources */ = {isa = PBXBuildFile; fileRef = 53DCA35D2BFE084600BC5140 /* Order.swift */; };
		53DCA3642BFE09BA00BC5140 /* RestoreDatabase.swift in Sources */ = {isa = PBXBuildFile; fileRef = 53DCA3632BFE09BA00BC5140 /* RestoreDatabase.swift */; };
		53DCA3682BFE0AD700BC5140 /* SqlRequestEncodable.swift in Sources */ = {isa = PBXBuildFile; fileRef = 53DCA3672BFE0AD700BC5140 /* SqlRequestEncodable.swift */; };
		53DCA36A2BFE0AF200BC5140 /* SqlRequest.swift in Sources */ = {isa = PBXBuildFile; fileRef = 53DCA3692BFE0AF200BC5140 /* SqlRequest.swift */; };
		53DCA36C2BFE0B0500BC5140 /* SqlRequestMapper.swift in Sources */ = {isa = PBXBuildFile; fileRef = 53DCA36B2BFE0B0500BC5140 /* SqlRequestMapper.swift */; };
		53DCA36E2BFE0B7600BC5140 /* ScheduleFrequencyEncodable.swift in Sources */ = {isa = PBXBuildFile; fileRef = 53DCA36D2BFE0B7600BC5140 /* ScheduleFrequencyEncodable.swift */; };
		53DCA3702BFE0BDF00BC5140 /* Backup.swift in Sources */ = {isa = PBXBuildFile; fileRef = 53DCA36F2BFE0BDF00BC5140 /* Backup.swift */; };
		53DCA3722BFE0C3C00BC5140 /* BackupMapper.swift in Sources */ = {isa = PBXBuildFile; fileRef = 53DCA3712BFE0C3C00BC5140 /* BackupMapper.swift */; };
		53DCA3742BFE0E4C00BC5140 /* BackupRepository.swift in Sources */ = {isa = PBXBuildFile; fileRef = 53DCA3732BFE0E4C00BC5140 /* BackupRepository.swift */; };
		53DCA3782BFE0F6C00BC5140 /* DatabaseRepository.swift in Sources */ = {isa = PBXBuildFile; fileRef = 53DCA3772BFE0F6C00BC5140 /* DatabaseRepository.swift */; };
		53DCA37A2BFE114100BC5140 /* SchedulerRepository.swift in Sources */ = {isa = PBXBuildFile; fileRef = 53DCA3792BFE114100BC5140 /* SchedulerRepository.swift */; };
		53DCA37D2BFE11FC00BC5140 /* FrequencySchedule.swift in Sources */ = {isa = PBXBuildFile; fileRef = 53DCA37C2BFE11FC00BC5140 /* FrequencySchedule.swift */; };
		53DCA3822BFE12B600BC5140 /* FrequencyScheduleEncodable.swift in Sources */ = {isa = PBXBuildFile; fileRef = 53DCA3812BFE12B600BC5140 /* FrequencyScheduleEncodable.swift */; };
		53EF28782BFCBCCB00146742 /* ConfigureScreen.swift in Sources */ = {isa = PBXBuildFile; fileRef = 53EF28772BFCBCCB00146742 /* ConfigureScreen.swift */; };
		53EF287A2BFCC24700146742 /* OrdersTable.swift in Sources */ = {isa = PBXBuildFile; fileRef = 53EF28792BFCC24700146742 /* OrdersTable.swift */; };
		53EF287C2BFCD7E800146742 /* OrdersScreen.swift in Sources */ = {isa = PBXBuildFile; fileRef = 53EF287B2BFCD7E800146742 /* OrdersScreen.swift */; };
/* End PBXBuildFile section */

/* Begin PBXFileReference section */
		5344E61E2BFE1B410086B530 /* BackupRepositoryImpl.swift */ = {isa = PBXFileReference; lastKnownFileType = sourcecode.swift; path = BackupRepositoryImpl.swift; sourceTree = "<group>"; };
		5344E6202BFE1B570086B530 /* DatabaseRepositoryImpl.swift */ = {isa = PBXFileReference; lastKnownFileType = sourcecode.swift; path = DatabaseRepositoryImpl.swift; sourceTree = "<group>"; };
		5344E6222BFE1B710086B530 /* SchedulerRepositoryImpl.swift */ = {isa = PBXFileReference; lastKnownFileType = sourcecode.swift; path = SchedulerRepositoryImpl.swift; sourceTree = "<group>"; };
		5344E6242BFE1BA80086B530 /* Constants.swift */ = {isa = PBXFileReference; lastKnownFileType = sourcecode.swift; path = Constants.swift; sourceTree = "<group>"; };
		5344E6282BFE7B5A0086B530 /* URLSessionUtils.swift */ = {isa = PBXFileReference; lastKnownFileType = sourcecode.swift; path = URLSessionUtils.swift; sourceTree = "<group>"; };
		5344E62B2BFE813F0086B530 /* HTTPURLSession.swift */ = {isa = PBXFileReference; lastKnownFileType = sourcecode.swift; path = HTTPURLSession.swift; sourceTree = "<group>"; };
		5344E62D2BFE814F0086B530 /* HTTPResponse.swift */ = {isa = PBXFileReference; lastKnownFileType = sourcecode.swift; path = HTTPResponse.swift; sourceTree = "<group>"; };
		5344E62F2BFE967E0086B530 /* TableMapper.swift */ = {isa = PBXFileReference; lastKnownFileType = sourcecode.swift; path = TableMapper.swift; sourceTree = "<group>"; };
		5344E6312BFE971A0086B530 /* RepositoryException.swift */ = {isa = PBXFileReference; lastKnownFileType = sourcecode.swift; path = RepositoryException.swift; sourceTree = "<group>"; };
		5344E6332BFEA77D0086B530 /* ConsoleViewModel.swift */ = {isa = PBXFileReference; lastKnownFileType = sourcecode.swift; path = ConsoleViewModel.swift; sourceTree = "<group>"; };
		5344E6352BFEAD1A0086B530 /* ViewModel.swift */ = {isa = PBXFileReference; lastKnownFileType = sourcecode.swift; path = ViewModel.swift; sourceTree = "<group>"; };
		5344E6382BFEAE4C0086B530 /* State.swift */ = {isa = PBXFileReference; lastKnownFileType = sourcecode.swift; path = State.swift; sourceTree = "<group>"; };
		5344E63A2BFEAE560086B530 /* MVIIntent.swift */ = {isa = PBXFileReference; lastKnownFileType = sourcecode.swift; path = MVIIntent.swift; sourceTree = "<group>"; };
		5344E63C2BFEAE620086B530 /* MVIEffect.swift */ = {isa = PBXFileReference; lastKnownFileType = sourcecode.swift; path = MVIEffect.swift; sourceTree = "<group>"; };
		5344E63F2BFEAF100086B530 /* ConsoleState.swift */ = {isa = PBXFileReference; lastKnownFileType = sourcecode.swift; path = ConsoleState.swift; sourceTree = "<group>"; };
		5344E6412BFEB02E0086B530 /* ConsoleIntent.swift */ = {isa = PBXFileReference; lastKnownFileType = sourcecode.swift; path = ConsoleIntent.swift; sourceTree = "<group>"; };
		53D38F3D2BFBCE34003DABBA /* dbke.app */ = {isa = PBXFileReference; explicitFileType = wrapper.application; includeInIndex = 0; path = dbke.app; sourceTree = BUILT_PRODUCTS_DIR; };
		53D38F402BFBCE34003DABBA /* dbkeApp.swift */ = {isa = PBXFileReference; lastKnownFileType = sourcecode.swift; path = dbkeApp.swift; sourceTree = "<group>"; };
		53D38F422BFBCE34003DABBA /* ContentView.swift */ = {isa = PBXFileReference; lastKnownFileType = sourcecode.swift; path = ContentView.swift; sourceTree = "<group>"; };
		53D38F442BFBCE35003DABBA /* Assets.xcassets */ = {isa = PBXFileReference; lastKnownFileType = folder.assetcatalog; path = Assets.xcassets; sourceTree = "<group>"; };
		53D38F472BFBCE35003DABBA /* Preview Assets.xcassets */ = {isa = PBXFileReference; lastKnownFileType = folder.assetcatalog; path = "Preview Assets.xcassets"; sourceTree = "<group>"; };
		53D38F4F2BFBE019003DABBA /* ClientsTable.swift */ = {isa = PBXFileReference; lastKnownFileType = sourcecode.swift; path = ClientsTable.swift; sourceTree = "<group>"; };
		53D38F522BFBE07B003DABBA /* TablesScreen.swift */ = {isa = PBXFileReference; lastKnownFileType = sourcecode.swift; path = TablesScreen.swift; sourceTree = "<group>"; };
		53D38F542BFBE115003DABBA /* ClientsScreen.swift */ = {isa = PBXFileReference; lastKnownFileType = sourcecode.swift; path = ClientsScreen.swift; sourceTree = "<group>"; };
		53D38F562BFBE5FA003DABBA /* TableCard.swift */ = {isa = PBXFileReference; lastKnownFileType = sourcecode.swift; path = TableCard.swift; sourceTree = "<group>"; };
		53DCA33B2BFD1AA000BC5140 /* ConsoleScreen.swift */ = {isa = PBXFileReference; lastKnownFileType = sourcecode.swift; path = ConsoleScreen.swift; sourceTree = "<group>"; };
		53DCA33D2BFD22AA00BC5140 /* FullBackupsFrequencyScreen.swift */ = {isa = PBXFileReference; lastKnownFileType = sourcecode.swift; path = FullBackupsFrequencyScreen.swift; sourceTree = "<group>"; };
		53DCA33F2BFD250100BC5140 /* TransactionLogsFrequencyScreen.swift */ = {isa = PBXFileReference; lastKnownFileType = sourcecode.swift; path = TransactionLogsFrequencyScreen.swift; sourceTree = "<group>"; };
		53DCA3412BFD266800BC5140 /* BackupsScreen.swift */ = {isa = PBXFileReference; lastKnownFileType = sourcecode.swift; path = BackupsScreen.swift; sourceTree = "<group>"; };
		53DCA3472BFDF87200BC5140 /* DifferentialBackupsFrequencyScreen.swift */ = {isa = PBXFileReference; lastKnownFileType = sourcecode.swift; path = DifferentialBackupsFrequencyScreen.swift; sourceTree = "<group>"; };
		53DCA34E2BFDFCEA00BC5140 /* BackupType.swift */ = {isa = PBXFileReference; lastKnownFileType = sourcecode.swift; path = BackupType.swift; sourceTree = "<group>"; };
		53DCA3512BFE040C00BC5140 /* ClientDecodable.swift */ = {isa = PBXFileReference; lastKnownFileType = sourcecode.swift; path = ClientDecodable.swift; sourceTree = "<group>"; };
		53DCA3532BFE042200BC5140 /* OrderDecodable.swift */ = {isa = PBXFileReference; lastKnownFileType = sourcecode.swift; path = OrderDecodable.swift; sourceTree = "<group>"; };
		53DCA3582BFE052D00BC5140 /* BackupDecodable.swift */ = {isa = PBXFileReference; lastKnownFileType = sourcecode.swift; path = BackupDecodable.swift; sourceTree = "<group>"; };
		53DCA35B2BFE082200BC5140 /* Client.swift */ = {isa = PBXFileReference; lastKnownFileType = sourcecode.swift; path = Client.swift; sourceTree = "<group>"; };
		53DCA35D2BFE084600BC5140 /* Order.swift */ = {isa = PBXFileReference; lastKnownFileType = sourcecode.swift; path = Order.swift; sourceTree = "<group>"; };
		53DCA3632BFE09BA00BC5140 /* RestoreDatabase.swift */ = {isa = PBXFileReference; lastKnownFileType = sourcecode.swift; path = RestoreDatabase.swift; sourceTree = "<group>"; };
		53DCA3672BFE0AD700BC5140 /* SqlRequestEncodable.swift */ = {isa = PBXFileReference; lastKnownFileType = sourcecode.swift; path = SqlRequestEncodable.swift; sourceTree = "<group>"; };
		53DCA3692BFE0AF200BC5140 /* SqlRequest.swift */ = {isa = PBXFileReference; lastKnownFileType = sourcecode.swift; path = SqlRequest.swift; sourceTree = "<group>"; };
		53DCA36B2BFE0B0500BC5140 /* SqlRequestMapper.swift */ = {isa = PBXFileReference; lastKnownFileType = sourcecode.swift; path = SqlRequestMapper.swift; sourceTree = "<group>"; };
		53DCA36D2BFE0B7600BC5140 /* ScheduleFrequencyEncodable.swift */ = {isa = PBXFileReference; lastKnownFileType = sourcecode.swift; path = ScheduleFrequencyEncodable.swift; sourceTree = "<group>"; };
		53DCA36F2BFE0BDF00BC5140 /* Backup.swift */ = {isa = PBXFileReference; lastKnownFileType = sourcecode.swift; path = Backup.swift; sourceTree = "<group>"; };
		53DCA3712BFE0C3C00BC5140 /* BackupMapper.swift */ = {isa = PBXFileReference; lastKnownFileType = sourcecode.swift; path = BackupMapper.swift; sourceTree = "<group>"; };
		53DCA3732BFE0E4C00BC5140 /* BackupRepository.swift */ = {isa = PBXFileReference; lastKnownFileType = sourcecode.swift; path = BackupRepository.swift; sourceTree = "<group>"; };
		53DCA3772BFE0F6C00BC5140 /* DatabaseRepository.swift */ = {isa = PBXFileReference; lastKnownFileType = sourcecode.swift; path = DatabaseRepository.swift; sourceTree = "<group>"; };
		53DCA3792BFE114100BC5140 /* SchedulerRepository.swift */ = {isa = PBXFileReference; lastKnownFileType = sourcecode.swift; path = SchedulerRepository.swift; sourceTree = "<group>"; };
		53DCA37C2BFE11FC00BC5140 /* FrequencySchedule.swift */ = {isa = PBXFileReference; lastKnownFileType = sourcecode.swift; path = FrequencySchedule.swift; sourceTree = "<group>"; };
		53DCA3812BFE12B600BC5140 /* FrequencyScheduleEncodable.swift */ = {isa = PBXFileReference; lastKnownFileType = sourcecode.swift; path = FrequencyScheduleEncodable.swift; sourceTree = "<group>"; };
		53EF28772BFCBCCB00146742 /* ConfigureScreen.swift */ = {isa = PBXFileReference; lastKnownFileType = sourcecode.swift; path = ConfigureScreen.swift; sourceTree = "<group>"; };
		53EF28792BFCC24700146742 /* OrdersTable.swift */ = {isa = PBXFileReference; lastKnownFileType = sourcecode.swift; path = OrdersTable.swift; sourceTree = "<group>"; };
		53EF287B2BFCD7E800146742 /* OrdersScreen.swift */ = {isa = PBXFileReference; lastKnownFileType = sourcecode.swift; path = OrdersScreen.swift; sourceTree = "<group>"; };
/* End PBXFileReference section */

/* Begin PBXFrameworksBuildPhase section */
		53D38F3A2BFBCE34003DABBA /* Frameworks */ = {
			isa = PBXFrameworksBuildPhase;
			buildActionMask = 2147483647;
			files = (
			);
			runOnlyForDeploymentPostprocessing = 0;
		};
/* End PBXFrameworksBuildPhase section */

/* Begin PBXGroup section */
		5344E61D2BFE17400086B530 /* mapper */ = {
			isa = PBXGroup;
			children = (
				53DCA36B2BFE0B0500BC5140 /* SqlRequestMapper.swift */,
				53DCA3712BFE0C3C00BC5140 /* BackupMapper.swift */,
				5344E62F2BFE967E0086B530 /* TableMapper.swift */,
			);
			path = mapper;
			sourceTree = "<group>";
		};
		5344E62A2BFE811F0086B530 /* http */ = {
			isa = PBXGroup;
			children = (
				5344E62B2BFE813F0086B530 /* HTTPURLSession.swift */,
				5344E62D2BFE814F0086B530 /* HTTPResponse.swift */,
			);
			path = http;
			sourceTree = "<group>";
		};
		5344E6372BFEADFB0086B530 /* mvi */ = {
			isa = PBXGroup;
			children = (
				5344E6352BFEAD1A0086B530 /* ViewModel.swift */,
				5344E6382BFEAE4C0086B530 /* State.swift */,
				5344E63A2BFEAE560086B530 /* MVIIntent.swift */,
				5344E63C2BFEAE620086B530 /* MVIEffect.swift */,
			);
			path = mvi;
			sourceTree = "<group>";
		};
		5344E63E2BFEAF020086B530 /* console */ = {
			isa = PBXGroup;
			children = (
				5344E6332BFEA77D0086B530 /* ConsoleViewModel.swift */,
				5344E63F2BFEAF100086B530 /* ConsoleState.swift */,
				5344E6412BFEB02E0086B530 /* ConsoleIntent.swift */,
			);
			path = console;
			sourceTree = "<group>";
		};
		53D38F342BFBCE34003DABBA = {
			isa = PBXGroup;
			children = (
				53D38F3F2BFBCE34003DABBA /* dbke */,
				53D38F3E2BFBCE34003DABBA /* Products */,
			);
			sourceTree = "<group>";
		};
		53D38F3E2BFBCE34003DABBA /* Products */ = {
			isa = PBXGroup;
			children = (
				53D38F3D2BFBCE34003DABBA /* dbke.app */,
			);
			name = Products;
			sourceTree = "<group>";
		};
		53D38F3F2BFBCE34003DABBA /* dbke */ = {
			isa = PBXGroup;
			children = (
				53DCA3552BFE046400BC5140 /* data */,
				53DCA3562BFE046800BC5140 /* domain */,
				53DCA3572BFE047000BC5140 /* presentation */,
				53D38F512BFBE069003DABBA /* screens */,
				53D38F4E2BFBDFF2003DABBA /* ui */,
				53D38F422BFBCE34003DABBA /* ContentView.swift */,
				53D38F402BFBCE34003DABBA /* dbkeApp.swift */,
				53D38F442BFBCE35003DABBA /* Assets.xcassets */,
				53D38F462BFBCE35003DABBA /* Preview Content */,
			);
			path = dbke;
			sourceTree = "<group>";
		};
		53D38F462BFBCE35003DABBA /* Preview Content */ = {
			isa = PBXGroup;
			children = (
				53D38F472BFBCE35003DABBA /* Preview Assets.xcassets */,
			);
			path = "Preview Content";
			sourceTree = "<group>";
		};
		53D38F4E2BFBDFF2003DABBA /* ui */ = {
			isa = PBXGroup;
			children = (
				53D38F4F2BFBE019003DABBA /* ClientsTable.swift */,
				53EF28792BFCC24700146742 /* OrdersTable.swift */,
				53D38F562BFBE5FA003DABBA /* TableCard.swift */,
			);
			path = ui;
			sourceTree = "<group>";
		};
		53D38F512BFBE069003DABBA /* screens */ = {
			isa = PBXGroup;
			children = (
				53D38F522BFBE07B003DABBA /* TablesScreen.swift */,
				53D38F542BFBE115003DABBA /* ClientsScreen.swift */,
				53EF28772BFCBCCB00146742 /* ConfigureScreen.swift */,
				53EF287B2BFCD7E800146742 /* OrdersScreen.swift */,
				53DCA33B2BFD1AA000BC5140 /* ConsoleScreen.swift */,
				53DCA33D2BFD22AA00BC5140 /* FullBackupsFrequencyScreen.swift */,
				53DCA33F2BFD250100BC5140 /* TransactionLogsFrequencyScreen.swift */,
				53DCA3412BFD266800BC5140 /* BackupsScreen.swift */,
				53DCA3472BFDF87200BC5140 /* DifferentialBackupsFrequencyScreen.swift */,
			);
			path = screens;
			sourceTree = "<group>";
		};
		53DCA3502BFE040400BC5140 /* models */ = {
			isa = PBXGroup;
			children = (
				53DCA3802BFE12AB00BC5140 /* scheduler */,
				53DCA3612BFE096200BC5140 /* tables */,
				53DCA3582BFE052D00BC5140 /* BackupDecodable.swift */,
				53DCA3672BFE0AD700BC5140 /* SqlRequestEncodable.swift */,
				53DCA36D2BFE0B7600BC5140 /* ScheduleFrequencyEncodable.swift */,
			);
			path = models;
			sourceTree = "<group>";
		};
		53DCA3552BFE046400BC5140 /* data */ = {
			isa = PBXGroup;
			children = (
				5344E62A2BFE811F0086B530 /* http */,
				5344E61D2BFE17400086B530 /* mapper */,
				53DCA3502BFE040400BC5140 /* models */,
				5344E61E2BFE1B410086B530 /* BackupRepositoryImpl.swift */,
				5344E6202BFE1B570086B530 /* DatabaseRepositoryImpl.swift */,
				5344E6222BFE1B710086B530 /* SchedulerRepositoryImpl.swift */,
				5344E6242BFE1BA80086B530 /* Constants.swift */,
				5344E6282BFE7B5A0086B530 /* URLSessionUtils.swift */,
			);
			path = data;
			sourceTree = "<group>";
		};
		53DCA3562BFE046800BC5140 /* domain */ = {
			isa = PBXGroup;
			children = (
				53DCA35A2BFE071200BC5140 /* models */,
				53DCA3732BFE0E4C00BC5140 /* BackupRepository.swift */,
				53DCA3772BFE0F6C00BC5140 /* DatabaseRepository.swift */,
				53DCA3792BFE114100BC5140 /* SchedulerRepository.swift */,
				5344E6312BFE971A0086B530 /* RepositoryException.swift */,
			);
			path = domain;
			sourceTree = "<group>";
		};
		53DCA3572BFE047000BC5140 /* presentation */ = {
			isa = PBXGroup;
			children = (
				5344E63E2BFEAF020086B530 /* console */,
				5344E6372BFEADFB0086B530 /* mvi */,
			);
			path = presentation;
			sourceTree = "<group>";
		};
		53DCA35A2BFE071200BC5140 /* models */ = {
			isa = PBXGroup;
			children = (
				53DCA37B2BFE11E400BC5140 /* scheduler */,
				53DCA3622BFE096F00BC5140 /* tables */,
				53DCA34E2BFDFCEA00BC5140 /* BackupType.swift */,
				53DCA3632BFE09BA00BC5140 /* RestoreDatabase.swift */,
				53DCA3692BFE0AF200BC5140 /* SqlRequest.swift */,
				53DCA36F2BFE0BDF00BC5140 /* Backup.swift */,
			);
			path = models;
			sourceTree = "<group>";
		};
		53DCA3612BFE096200BC5140 /* tables */ = {
			isa = PBXGroup;
			children = (
				53DCA3512BFE040C00BC5140 /* ClientDecodable.swift */,
				53DCA3532BFE042200BC5140 /* OrderDecodable.swift */,
			);
			path = tables;
			sourceTree = "<group>";
		};
		53DCA3622BFE096F00BC5140 /* tables */ = {
			isa = PBXGroup;
			children = (
				53DCA35B2BFE082200BC5140 /* Client.swift */,
				53DCA35D2BFE084600BC5140 /* Order.swift */,
			);
			path = tables;
			sourceTree = "<group>";
		};
		53DCA37B2BFE11E400BC5140 /* scheduler */ = {
			isa = PBXGroup;
			children = (
				53DCA37C2BFE11FC00BC5140 /* FrequencySchedule.swift */,
			);
			path = scheduler;
			sourceTree = "<group>";
		};
		53DCA3802BFE12AB00BC5140 /* scheduler */ = {
			isa = PBXGroup;
			children = (
				53DCA3812BFE12B600BC5140 /* FrequencyScheduleEncodable.swift */,
			);
			path = scheduler;
			sourceTree = "<group>";
		};
/* End PBXGroup section */

/* Begin PBXNativeTarget section */
		53D38F3C2BFBCE34003DABBA /* dbke */ = {
			isa = PBXNativeTarget;
			buildConfigurationList = 53D38F4B2BFBCE35003DABBA /* Build configuration list for PBXNativeTarget "dbke" */;
			buildPhases = (
				53D38F392BFBCE34003DABBA /* Sources */,
				53D38F3A2BFBCE34003DABBA /* Frameworks */,
				53D38F3B2BFBCE34003DABBA /* Resources */,
			);
			buildRules = (
			);
			dependencies = (
			);
			name = dbke;
			productName = dbke;
			productReference = 53D38F3D2BFBCE34003DABBA /* dbke.app */;
			productType = "com.apple.product-type.application";
		};
/* End PBXNativeTarget section */

/* Begin PBXProject section */
		53D38F352BFBCE34003DABBA /* Project object */ = {
			isa = PBXProject;
			attributes = {
				BuildIndependentTargetsInParallel = 1;
				LastSwiftUpdateCheck = 1520;
				LastUpgradeCheck = 1520;
				TargetAttributes = {
					53D38F3C2BFBCE34003DABBA = {
						CreatedOnToolsVersion = 15.2;
					};
				};
			};
			buildConfigurationList = 53D38F382BFBCE34003DABBA /* Build configuration list for PBXProject "dbke" */;
			compatibilityVersion = "Xcode 14.0";
			developmentRegion = en;
			hasScannedForEncodings = 0;
			knownRegions = (
				en,
				Base,
			);
			mainGroup = 53D38F342BFBCE34003DABBA;
			productRefGroup = 53D38F3E2BFBCE34003DABBA /* Products */;
			projectDirPath = "";
			projectRoot = "";
			targets = (
				53D38F3C2BFBCE34003DABBA /* dbke */,
			);
		};
/* End PBXProject section */

/* Begin PBXResourcesBuildPhase section */
		53D38F3B2BFBCE34003DABBA /* Resources */ = {
			isa = PBXResourcesBuildPhase;
			buildActionMask = 2147483647;
			files = (
				53D38F482BFBCE35003DABBA /* Preview Assets.xcassets in Resources */,
				53D38F452BFBCE35003DABBA /* Assets.xcassets in Resources */,
			);
			runOnlyForDeploymentPostprocessing = 0;
		};
/* End PBXResourcesBuildPhase section */

/* Begin PBXSourcesBuildPhase section */
		53D38F392BFBCE34003DABBA /* Sources */ = {
			isa = PBXSourcesBuildPhase;
			buildActionMask = 2147483647;
			files = (
				5344E6292BFE7B5A0086B530 /* URLSessionUtils.swift in Sources */,
				5344E6322BFE971A0086B530 /* RepositoryException.swift in Sources */,
				53DCA3402BFD250100BC5140 /* TransactionLogsFrequencyScreen.swift in Sources */,
				5344E6392BFEAE4C0086B530 /* State.swift in Sources */,
				5344E6252BFE1BA80086B530 /* Constants.swift in Sources */,
				53DCA3592BFE052D00BC5140 /* BackupDecodable.swift in Sources */,
				53D38F532BFBE07B003DABBA /* TablesScreen.swift in Sources */,
				53DCA3682BFE0AD700BC5140 /* SqlRequestEncodable.swift in Sources */,
				5344E6402BFEAF100086B530 /* ConsoleState.swift in Sources */,
				53DCA37D2BFE11FC00BC5140 /* FrequencySchedule.swift in Sources */,
				53D38F502BFBE019003DABBA /* ClientsTable.swift in Sources */,
				53D38F572BFBE5FA003DABBA /* TableCard.swift in Sources */,
				53DCA34F2BFDFCEA00BC5140 /* BackupType.swift in Sources */,
				53DCA35E2BFE084600BC5140 /* Order.swift in Sources */,
				5344E62E2BFE814F0086B530 /* HTTPResponse.swift in Sources */,
				5344E6362BFEAD1A0086B530 /* ViewModel.swift in Sources */,
				5344E6212BFE1B570086B530 /* DatabaseRepositoryImpl.swift in Sources */,
				53EF287A2BFCC24700146742 /* OrdersTable.swift in Sources */,
				53DCA3702BFE0BDF00BC5140 /* Backup.swift in Sources */,
				53DCA3782BFE0F6C00BC5140 /* DatabaseRepository.swift in Sources */,
				53DCA37A2BFE114100BC5140 /* SchedulerRepository.swift in Sources */,
				53D38F432BFBCE34003DABBA /* ContentView.swift in Sources */,
				53DCA3422BFD266800BC5140 /* BackupsScreen.swift in Sources */,
				53DCA3822BFE12B600BC5140 /* FrequencyScheduleEncodable.swift in Sources */,
				53DCA33E2BFD22AA00BC5140 /* FullBackupsFrequencyScreen.swift in Sources */,
				5344E6232BFE1B710086B530 /* SchedulerRepositoryImpl.swift in Sources */,
				53DCA36E2BFE0B7600BC5140 /* ScheduleFrequencyEncodable.swift in Sources */,
				5344E63B2BFEAE560086B530 /* MVIIntent.swift in Sources */,
				53DCA3482BFDF87200BC5140 /* DifferentialBackupsFrequencyScreen.swift in Sources */,
				5344E63D2BFEAE620086B530 /* MVIEffect.swift in Sources */,
				53DCA3522BFE040C00BC5140 /* ClientDecodable.swift in Sources */,
				5344E6302BFE967E0086B530 /* TableMapper.swift in Sources */,
				53DCA33C2BFD1AA000BC5140 /* ConsoleScreen.swift in Sources */,
				5344E62C2BFE813F0086B530 /* HTTPURLSession.swift in Sources */,
				53D38F552BFBE115003DABBA /* ClientsScreen.swift in Sources */,
				5344E6422BFEB02E0086B530 /* ConsoleIntent.swift in Sources */,
				5344E61F2BFE1B410086B530 /* BackupRepositoryImpl.swift in Sources */,
				53EF28782BFCBCCB00146742 /* ConfigureScreen.swift in Sources */,
				53DCA36A2BFE0AF200BC5140 /* SqlRequest.swift in Sources */,
				53DCA3642BFE09BA00BC5140 /* RestoreDatabase.swift in Sources */,
				53EF287C2BFCD7E800146742 /* OrdersScreen.swift in Sources */,
				53DCA3742BFE0E4C00BC5140 /* BackupRepository.swift in Sources */,
				53DCA36C2BFE0B0500BC5140 /* SqlRequestMapper.swift in Sources */,
				53DCA3542BFE042200BC5140 /* OrderDecodable.swift in Sources */,
				53DCA35C2BFE082200BC5140 /* Client.swift in Sources */,
				53DCA3722BFE0C3C00BC5140 /* BackupMapper.swift in Sources */,
				5344E6342BFEA77D0086B530 /* ConsoleViewModel.swift in Sources */,
				53D38F412BFBCE34003DABBA /* dbkeApp.swift in Sources */,
			);
			runOnlyForDeploymentPostprocessing = 0;
		};
/* End PBXSourcesBuildPhase section */

/* Begin XCBuildConfiguration section */
		53D38F492BFBCE35003DABBA /* Debug */ = {
			isa = XCBuildConfiguration;
			buildSettings = {
				ALWAYS_SEARCH_USER_PATHS = NO;
				ASSETCATALOG_COMPILER_GENERATE_SWIFT_ASSET_SYMBOL_EXTENSIONS = YES;
				CLANG_ANALYZER_NONNULL = YES;
				CLANG_ANALYZER_NUMBER_OBJECT_CONVERSION = YES_AGGRESSIVE;
				CLANG_CXX_LANGUAGE_STANDARD = "gnu++20";
				CLANG_ENABLE_MODULES = YES;
				CLANG_ENABLE_OBJC_ARC = YES;
				CLANG_ENABLE_OBJC_WEAK = YES;
				CLANG_WARN_BLOCK_CAPTURE_AUTORELEASING = YES;
				CLANG_WARN_BOOL_CONVERSION = YES;
				CLANG_WARN_COMMA = YES;
				CLANG_WARN_CONSTANT_CONVERSION = YES;
				CLANG_WARN_DEPRECATED_OBJC_IMPLEMENTATIONS = YES;
				CLANG_WARN_DIRECT_OBJC_ISA_USAGE = YES_ERROR;
				CLANG_WARN_DOCUMENTATION_COMMENTS = YES;
				CLANG_WARN_EMPTY_BODY = YES;
				CLANG_WARN_ENUM_CONVERSION = YES;
				CLANG_WARN_INFINITE_RECURSION = YES;
				CLANG_WARN_INT_CONVERSION = YES;
				CLANG_WARN_NON_LITERAL_NULL_CONVERSION = YES;
				CLANG_WARN_OBJC_IMPLICIT_RETAIN_SELF = YES;
				CLANG_WARN_OBJC_LITERAL_CONVERSION = YES;
				CLANG_WARN_OBJC_ROOT_CLASS = YES_ERROR;
				CLANG_WARN_QUOTED_INCLUDE_IN_FRAMEWORK_HEADER = YES;
				CLANG_WARN_RANGE_LOOP_ANALYSIS = YES;
				CLANG_WARN_STRICT_PROTOTYPES = YES;
				CLANG_WARN_SUSPICIOUS_MOVE = YES;
				CLANG_WARN_UNGUARDED_AVAILABILITY = YES_AGGRESSIVE;
				CLANG_WARN_UNREACHABLE_CODE = YES;
				CLANG_WARN__DUPLICATE_METHOD_MATCH = YES;
				COPY_PHASE_STRIP = NO;
				DEBUG_INFORMATION_FORMAT = dwarf;
				ENABLE_STRICT_OBJC_MSGSEND = YES;
				ENABLE_TESTABILITY = YES;
				ENABLE_USER_SCRIPT_SANDBOXING = YES;
				GCC_C_LANGUAGE_STANDARD = gnu17;
				GCC_DYNAMIC_NO_PIC = NO;
				GCC_NO_COMMON_BLOCKS = YES;
				GCC_OPTIMIZATION_LEVEL = 0;
				GCC_PREPROCESSOR_DEFINITIONS = (
					"DEBUG=1",
					"$(inherited)",
				);
				GCC_WARN_64_TO_32_BIT_CONVERSION = YES;
				GCC_WARN_ABOUT_RETURN_TYPE = YES_ERROR;
				GCC_WARN_UNDECLARED_SELECTOR = YES;
				GCC_WARN_UNINITIALIZED_AUTOS = YES_AGGRESSIVE;
				GCC_WARN_UNUSED_FUNCTION = YES;
				GCC_WARN_UNUSED_VARIABLE = YES;
				IPHONEOS_DEPLOYMENT_TARGET = 17.0;
				LOCALIZATION_PREFERS_STRING_CATALOGS = YES;
				MTL_ENABLE_DEBUG_INFO = INCLUDE_SOURCE;
				MTL_FAST_MATH = YES;
				ONLY_ACTIVE_ARCH = YES;
				SDKROOT = iphoneos;
				SWIFT_ACTIVE_COMPILATION_CONDITIONS = "DEBUG $(inherited)";
				SWIFT_OPTIMIZATION_LEVEL = "-Onone";
			};
			name = Debug;
		};
		53D38F4A2BFBCE35003DABBA /* Release */ = {
			isa = XCBuildConfiguration;
			buildSettings = {
				ALWAYS_SEARCH_USER_PATHS = NO;
				ASSETCATALOG_COMPILER_GENERATE_SWIFT_ASSET_SYMBOL_EXTENSIONS = YES;
				CLANG_ANALYZER_NONNULL = YES;
				CLANG_ANALYZER_NUMBER_OBJECT_CONVERSION = YES_AGGRESSIVE;
				CLANG_CXX_LANGUAGE_STANDARD = "gnu++20";
				CLANG_ENABLE_MODULES = YES;
				CLANG_ENABLE_OBJC_ARC = YES;
				CLANG_ENABLE_OBJC_WEAK = YES;
				CLANG_WARN_BLOCK_CAPTURE_AUTORELEASING = YES;
				CLANG_WARN_BOOL_CONVERSION = YES;
				CLANG_WARN_COMMA = YES;
				CLANG_WARN_CONSTANT_CONVERSION = YES;
				CLANG_WARN_DEPRECATED_OBJC_IMPLEMENTATIONS = YES;
				CLANG_WARN_DIRECT_OBJC_ISA_USAGE = YES_ERROR;
				CLANG_WARN_DOCUMENTATION_COMMENTS = YES;
				CLANG_WARN_EMPTY_BODY = YES;
				CLANG_WARN_ENUM_CONVERSION = YES;
				CLANG_WARN_INFINITE_RECURSION = YES;
				CLANG_WARN_INT_CONVERSION = YES;
				CLANG_WARN_NON_LITERAL_NULL_CONVERSION = YES;
				CLANG_WARN_OBJC_IMPLICIT_RETAIN_SELF = YES;
				CLANG_WARN_OBJC_LITERAL_CONVERSION = YES;
				CLANG_WARN_OBJC_ROOT_CLASS = YES_ERROR;
				CLANG_WARN_QUOTED_INCLUDE_IN_FRAMEWORK_HEADER = YES;
				CLANG_WARN_RANGE_LOOP_ANALYSIS = YES;
				CLANG_WARN_STRICT_PROTOTYPES = YES;
				CLANG_WARN_SUSPICIOUS_MOVE = YES;
				CLANG_WARN_UNGUARDED_AVAILABILITY = YES_AGGRESSIVE;
				CLANG_WARN_UNREACHABLE_CODE = YES;
				CLANG_WARN__DUPLICATE_METHOD_MATCH = YES;
				COPY_PHASE_STRIP = NO;
				DEBUG_INFORMATION_FORMAT = "dwarf-with-dsym";
				ENABLE_NS_ASSERTIONS = NO;
				ENABLE_STRICT_OBJC_MSGSEND = YES;
				ENABLE_USER_SCRIPT_SANDBOXING = YES;
				GCC_C_LANGUAGE_STANDARD = gnu17;
				GCC_NO_COMMON_BLOCKS = YES;
				GCC_WARN_64_TO_32_BIT_CONVERSION = YES;
				GCC_WARN_ABOUT_RETURN_TYPE = YES_ERROR;
				GCC_WARN_UNDECLARED_SELECTOR = YES;
				GCC_WARN_UNINITIALIZED_AUTOS = YES_AGGRESSIVE;
				GCC_WARN_UNUSED_FUNCTION = YES;
				GCC_WARN_UNUSED_VARIABLE = YES;
				IPHONEOS_DEPLOYMENT_TARGET = 17.0;
				LOCALIZATION_PREFERS_STRING_CATALOGS = YES;
				MTL_ENABLE_DEBUG_INFO = NO;
				MTL_FAST_MATH = YES;
				SDKROOT = iphoneos;
				SWIFT_COMPILATION_MODE = wholemodule;
				VALIDATE_PRODUCT = YES;
			};
			name = Release;
		};
		53D38F4C2BFBCE35003DABBA /* Debug */ = {
			isa = XCBuildConfiguration;
			buildSettings = {
				ASSETCATALOG_COMPILER_APPICON_NAME = AppIcon;
				ASSETCATALOG_COMPILER_GLOBAL_ACCENT_COLOR_NAME = AccentColor;
				CODE_SIGN_STYLE = Automatic;
				CURRENT_PROJECT_VERSION = 1;
				DEVELOPMENT_ASSET_PATHS = "\"dbke/Preview Content\"";
				DEVELOPMENT_TEAM = KKGMGFZ85J;
				ENABLE_PREVIEWS = YES;
				GENERATE_INFOPLIST_FILE = YES;
				INFOPLIST_KEY_UIApplicationSceneManifest_Generation = YES;
				INFOPLIST_KEY_UIApplicationSupportsIndirectInputEvents = YES;
				INFOPLIST_KEY_UILaunchScreen_Generation = YES;
				INFOPLIST_KEY_UISupportedInterfaceOrientations_iPad = "UIInterfaceOrientationPortrait UIInterfaceOrientationPortraitUpsideDown UIInterfaceOrientationLandscapeLeft UIInterfaceOrientationLandscapeRight";
				INFOPLIST_KEY_UISupportedInterfaceOrientations_iPhone = "UIInterfaceOrientationPortrait UIInterfaceOrientationLandscapeLeft UIInterfaceOrientationLandscapeRight";
				INFOPLIST_KEY_UIUserInterfaceStyle = Light;
				LD_RUNPATH_SEARCH_PATHS = (
					"$(inherited)",
					"@executable_path/Frameworks",
				);
				MARKETING_VERSION = 1.0;
				PRODUCT_BUNDLE_IDENTIFIER = ru.chatan.dbke;
				PRODUCT_NAME = "$(TARGET_NAME)";
				SWIFT_EMIT_LOC_STRINGS = YES;
				SWIFT_VERSION = 5.0;
				TARGETED_DEVICE_FAMILY = "1,2";
			};
			name = Debug;
		};
		53D38F4D2BFBCE35003DABBA /* Release */ = {
			isa = XCBuildConfiguration;
			buildSettings = {
				ASSETCATALOG_COMPILER_APPICON_NAME = AppIcon;
				ASSETCATALOG_COMPILER_GLOBAL_ACCENT_COLOR_NAME = AccentColor;
				CODE_SIGN_STYLE = Automatic;
				CURRENT_PROJECT_VERSION = 1;
				DEVELOPMENT_ASSET_PATHS = "\"dbke/Preview Content\"";
				DEVELOPMENT_TEAM = KKGMGFZ85J;
				ENABLE_PREVIEWS = YES;
				GENERATE_INFOPLIST_FILE = YES;
				INFOPLIST_KEY_UIApplicationSceneManifest_Generation = YES;
				INFOPLIST_KEY_UIApplicationSupportsIndirectInputEvents = YES;
				INFOPLIST_KEY_UILaunchScreen_Generation = YES;
				INFOPLIST_KEY_UISupportedInterfaceOrientations_iPad = "UIInterfaceOrientationPortrait UIInterfaceOrientationPortraitUpsideDown UIInterfaceOrientationLandscapeLeft UIInterfaceOrientationLandscapeRight";
				INFOPLIST_KEY_UISupportedInterfaceOrientations_iPhone = "UIInterfaceOrientationPortrait UIInterfaceOrientationLandscapeLeft UIInterfaceOrientationLandscapeRight";
				INFOPLIST_KEY_UIUserInterfaceStyle = Light;
				LD_RUNPATH_SEARCH_PATHS = (
					"$(inherited)",
					"@executable_path/Frameworks",
				);
				MARKETING_VERSION = 1.0;
				PRODUCT_BUNDLE_IDENTIFIER = ru.chatan.dbke;
				PRODUCT_NAME = "$(TARGET_NAME)";
				SWIFT_EMIT_LOC_STRINGS = YES;
				SWIFT_VERSION = 5.0;
				TARGETED_DEVICE_FAMILY = "1,2";
			};
			name = Release;
		};
/* End XCBuildConfiguration section */

/* Begin XCConfigurationList section */
		53D38F382BFBCE34003DABBA /* Build configuration list for PBXProject "dbke" */ = {
			isa = XCConfigurationList;
			buildConfigurations = (
				53D38F492BFBCE35003DABBA /* Debug */,
				53D38F4A2BFBCE35003DABBA /* Release */,
			);
			defaultConfigurationIsVisible = 0;
			defaultConfigurationName = Release;
		};
		53D38F4B2BFBCE35003DABBA /* Build configuration list for PBXNativeTarget "dbke" */ = {
			isa = XCConfigurationList;
			buildConfigurations = (
				53D38F4C2BFBCE35003DABBA /* Debug */,
				53D38F4D2BFBCE35003DABBA /* Release */,
			);
			defaultConfigurationIsVisible = 0;
			defaultConfigurationName = Release;
		};
/* End XCConfigurationList section */
	};
	rootObject = 53D38F352BFBCE34003DABBA /* Project object */;
}
